// !$*UTF8*$!
{
	archiveVersion = 1;
	classes = {
	};
	objectVersion = 50;
	objects = {

/* Begin PBXBuildFile section */
		D43296A5263BAA320038C59C /* AppDelegate.swift in Sources */ = {isa = PBXBuildFile; fileRef = D43296A4263BAA320038C59C /* AppDelegate.swift */; };
		D43296A7263BAA320038C59C /* SceneDelegate.swift in Sources */ = {isa = PBXBuildFile; fileRef = D43296A6263BAA320038C59C /* SceneDelegate.swift */; };
		D43296A9263BAA320038C59C /* ViewController.swift in Sources */ = {isa = PBXBuildFile; fileRef = D43296A8263BAA320038C59C /* ViewController.swift */; };
		D43296AC263BAA320038C59C /* Main.storyboard in Resources */ = {isa = PBXBuildFile; fileRef = D43296AA263BAA320038C59C /* Main.storyboard */; };
		D43296AE263BAA330038C59C /* Assets.xcassets in Resources */ = {isa = PBXBuildFile; fileRef = D43296AD263BAA330038C59C /* Assets.xcassets */; };
		D43296B1263BAA330038C59C /* LaunchScreen.storyboard in Resources */ = {isa = PBXBuildFile; fileRef = D43296AF263BAA330038C59C /* LaunchScreen.storyboard */; };
		D43296C8263BAC280038C59C /* Colors.xcassets in Resources */ = {isa = PBXBuildFile; fileRef = D43296C7263BAC280038C59C /* Colors.xcassets */; };
		D43296CF263BAC720038C59C /* Kantongku.xcdatamodeld in Sources */ = {isa = PBXBuildFile; fileRef = D43296CD263BAC720038C59C /* Kantongku.xcdatamodeld */; };
/* End PBXBuildFile section */

/* Begin PBXFileReference section */
		D43296A1263BAA320038C59C /* Kantongku.app */ = {isa = PBXFileReference; explicitFileType = wrapper.application; includeInIndex = 0; path = Kantongku.app; sourceTree = BUILT_PRODUCTS_DIR; };
		D43296A4263BAA320038C59C /* AppDelegate.swift */ = {isa = PBXFileReference; lastKnownFileType = sourcecode.swift; path = AppDelegate.swift; sourceTree = "<group>"; };
		D43296A6263BAA320038C59C /* SceneDelegate.swift */ = {isa = PBXFileReference; lastKnownFileType = sourcecode.swift; path = SceneDelegate.swift; sourceTree = "<group>"; };
		D43296A8263BAA320038C59C /* ViewController.swift */ = {isa = PBXFileReference; lastKnownFileType = sourcecode.swift; path = ViewController.swift; sourceTree = "<group>"; };
		D43296AB263BAA320038C59C /* Base */ = {isa = PBXFileReference; lastKnownFileType = file.storyboard; name = Base; path = Base.lproj/Main.storyboard; sourceTree = "<group>"; };
		D43296AD263BAA330038C59C /* Assets.xcassets */ = {isa = PBXFileReference; lastKnownFileType = folder.assetcatalog; path = Assets.xcassets; sourceTree = "<group>"; };
		D43296B0263BAA330038C59C /* Base */ = {isa = PBXFileReference; lastKnownFileType = file.storyboard; name = Base; path = Base.lproj/LaunchScreen.storyboard; sourceTree = "<group>"; };
		D43296B2263BAA330038C59C /* Info.plist */ = {isa = PBXFileReference; lastKnownFileType = text.plist.xml; path = Info.plist; sourceTree = "<group>"; };
		D43296C7263BAC280038C59C /* Colors.xcassets */ = {isa = PBXFileReference; lastKnownFileType = folder.assetcatalog; path = Colors.xcassets; sourceTree = "<group>"; };
		D43296CE263BAC720038C59C /* Kantongku.xcdatamodel */ = {isa = PBXFileReference; lastKnownFileType = wrapper.xcdatamodel; path = Kantongku.xcdatamodel; sourceTree = "<group>"; };
/* End PBXFileReference section */

/* Begin PBXFrameworksBuildPhase section */
		D432969E263BAA320038C59C /* Frameworks */ = {
			isa = PBXFrameworksBuildPhase;
			buildActionMask = 2147483647;
			files = (
			);
			runOnlyForDeploymentPostprocessing = 0;
		};
/* End PBXFrameworksBuildPhase section */

/* Begin PBXGroup section */
		D4329698263BAA320038C59C = {
			isa = PBXGroup;
			children = (
				D43296A3263BAA320038C59C /* Kantongku */,
				D43296A2263BAA320038C59C /* Products */,
			);
			sourceTree = "<group>";
		};
		D43296A2263BAA320038C59C /* Products */ = {
			isa = PBXGroup;
			children = (
				D43296A1263BAA320038C59C /* Kantongku.app */,
			);
			name = Products;
			sourceTree = "<group>";
		};
		D43296A3263BAA320038C59C /* Kantongku */ = {
			isa = PBXGroup;
			children = (
				D43296BE263BAB250038C59C /* Supporting Files */,
				D43296BD263BAB1F0038C59C /* Helpers */,
				D43296BC263BAB1A0038C59C /* Core */,
				D43296BB263BAB120038C59C /* Resources */,
				D43296BA263BAB0D0038C59C /* Presentation */,
				D43296B9263BAB030038C59C /* Application */,
				D43296B2263BAA330038C59C /* Info.plist */,
			);
			path = Kantongku;
			sourceTree = "<group>";
		};
		D43296B9263BAB030038C59C /* Application */ = {
			isa = PBXGroup;
			children = (
				D43296A4263BAA320038C59C /* AppDelegate.swift */,
				D43296A6263BAA320038C59C /* SceneDelegate.swift */,
				D43296C0263BAB610038C59C /* App Extension */,
				D43296BF263BAB570038C59C /* Notification Center */,
			);
			path = Application;
			sourceTree = "<group>";
		};
		D43296BA263BAB0D0038C59C /* Presentation */ = {
			isa = PBXGroup;
			children = (
				D43296D1263EFA020038C59C /* Home */,
			);
			path = Presentation;
			sourceTree = "<group>";
		};
		D43296BB263BAB120038C59C /* Resources */ = {
			isa = PBXGroup;
			children = (
				D43296AD263BAA330038C59C /* Assets.xcassets */,
				D43296C4263BABD20038C59C /* Fonts */,
				D43296C3263BABCD0038C59C /* Sounds */,
				D43296C2263BABC50038C59C /* Storyboards */,
				D43296C7263BAC280038C59C /* Colors.xcassets */,
			);
			path = Resources;
			sourceTree = "<group>";
		};
		D43296BC263BAB1A0038C59C /* Core */ = {
			isa = PBXGroup;
			children = (
				D43296CC263BAC570038C59C /* Mock Data */,
				D43296CB263BAC4F0038C59C /* Repositories */,
				D43296CA263BAC490038C59C /* Entities */,
				D43296C9263BAC3F0038C59C /* Networking */,
				D43296CD263BAC720038C59C /* Kantongku.xcdatamodeld */,
			);
			path = Core;
			sourceTree = "<group>";
		};
		D43296BD263BAB1F0038C59C /* Helpers */ = {
			isa = PBXGroup;
			children = (
			);
			path = Helpers;
			sourceTree = "<group>";
		};
		D43296BE263BAB250038C59C /* Supporting Files */ = {
			isa = PBXGroup;
			children = (
				D43296C1263BAB9A0038C59C /* Localization */,
			);
			path = "Supporting Files";
			sourceTree = "<group>";
		};
		D43296BF263BAB570038C59C /* Notification Center */ = {
			isa = PBXGroup;
			children = (
			);
			path = "Notification Center";
			sourceTree = "<group>";
		};
		D43296C0263BAB610038C59C /* App Extension */ = {
			isa = PBXGroup;
			children = (
			);
			path = "App Extension";
			sourceTree = "<group>";
		};
		D43296C1263BAB9A0038C59C /* Localization */ = {
			isa = PBXGroup;
			children = (
			);
			path = Localization;
			sourceTree = "<group>";
		};
		D43296C2263BABC50038C59C /* Storyboards */ = {
			isa = PBXGroup;
			children = (
				D43296D0263EF9F00038C59C /* Home */,
				D43296AF263BAA330038C59C /* LaunchScreen.storyboard */,
			);
			path = Storyboards;
			sourceTree = "<group>";
		};
		D43296C3263BABCD0038C59C /* Sounds */ = {
			isa = PBXGroup;
			children = (
			);
			path = Sounds;
			sourceTree = "<group>";
		};
		D43296C4263BABD20038C59C /* Fonts */ = {
			isa = PBXGroup;
			children = (
			);
			path = Fonts;
			sourceTree = "<group>";
		};
		D43296C9263BAC3F0038C59C /* Networking */ = {
			isa = PBXGroup;
			children = (
			);
			path = Networking;
			sourceTree = "<group>";
		};
		D43296CA263BAC490038C59C /* Entities */ = {
			isa = PBXGroup;
			children = (
			);
			path = Entities;
			sourceTree = "<group>";
		};
		D43296CB263BAC4F0038C59C /* Repositories */ = {
			isa = PBXGroup;
			children = (
			);
			path = Repositories;
			sourceTree = "<group>";
		};
		D43296CC263BAC570038C59C /* Mock Data */ = {
			isa = PBXGroup;
			children = (
			);
			path = "Mock Data";
			sourceTree = "<group>";
		};
		D43296D0263EF9F00038C59C /* Home */ = {
			isa = PBXGroup;
			children = (
				D43296AA263BAA320038C59C /* Main.storyboard */,
			);
			path = Home;
			sourceTree = "<group>";
		};
		D43296D1263EFA020038C59C /* Home */ = {
			isa = PBXGroup;
			children = (
				D43296A8263BAA320038C59C /* ViewController.swift */,
			);
			path = Home;
			sourceTree = "<group>";
		};
/* End PBXGroup section */

/* Begin PBXNativeTarget section */
		D43296A0263BAA320038C59C /* Kantongku */ = {
			isa = PBXNativeTarget;
			buildConfigurationList = D43296B5263BAA330038C59C /* Build configuration list for PBXNativeTarget "Kantongku" */;
			buildPhases = (
				D432969D263BAA320038C59C /* Sources */,
				D432969E263BAA320038C59C /* Frameworks */,
				D432969F263BAA320038C59C /* Resources */,
			);
			buildRules = (
			);
			dependencies = (
			);
			name = Kantongku;
			productName = Kantongku;
			productReference = D43296A1263BAA320038C59C /* Kantongku.app */;
			productType = "com.apple.product-type.application";
		};
/* End PBXNativeTarget section */

/* Begin PBXProject section */
		D4329699263BAA320038C59C /* Project object */ = {
			isa = PBXProject;
			attributes = {
				LastSwiftUpdateCheck = 1250;
				LastUpgradeCheck = 1250;
				TargetAttributes = {
					D43296A0263BAA320038C59C = {
						CreatedOnToolsVersion = 12.5;
					};
				};
			};
			buildConfigurationList = D432969C263BAA320038C59C /* Build configuration list for PBXProject "Kantongku" */;
			compatibilityVersion = "Xcode 9.3";
			developmentRegion = en;
			hasScannedForEncodings = 0;
			knownRegions = (
				en,
				Base,
			);
			mainGroup = D4329698263BAA320038C59C;
			productRefGroup = D43296A2263BAA320038C59C /* Products */;
			projectDirPath = "";
			projectRoot = "";
			targets = (
				D43296A0263BAA320038C59C /* Kantongku */,
			);
		};
/* End PBXProject section */

/* Begin PBXResourcesBuildPhase section */
		D432969F263BAA320038C59C /* Resources */ = {
			isa = PBXResourcesBuildPhase;
			buildActionMask = 2147483647;
			files = (
				D43296B1263BAA330038C59C /* LaunchScreen.storyboard in Resources */,
				D43296C8263BAC280038C59C /* Colors.xcassets in Resources */,
				D43296AE263BAA330038C59C /* Assets.xcassets in Resources */,
				D43296AC263BAA320038C59C /* Main.storyboard in Resources */,
			);
			runOnlyForDeploymentPostprocessing = 0;
		};
/* End PBXResourcesBuildPhase section */

/* Begin PBXSourcesBuildPhase section */
		D432969D263BAA320038C59C /* Sources */ = {
			isa = PBXSourcesBuildPhase;
			buildActionMask = 2147483647;
			files = (
				D43296CF263BAC720038C59C /* Kantongku.xcdatamodeld in Sources */,
				D43296A9263BAA320038C59C /* ViewController.swift in Sources */,
				D43296A5263BAA320038C59C /* AppDelegate.swift in Sources */,
				D43296A7263BAA320038C59C /* SceneDelegate.swift in Sources */,
			);
			runOnlyForDeploymentPostprocessing = 0;
		};
/* End PBXSourcesBuildPhase section */

/* Begin PBXVariantGroup section */
		D43296AA263BAA320038C59C /* Main.storyboard */ = {
			isa = PBXVariantGroup;
			children = (
				D43296AB263BAA320038C59C /* Base */,
			);
			name = Main.storyboard;
			sourceTree = "<group>";
		};
		D43296AF263BAA330038C59C /* LaunchScreen.storyboard */ = {
			isa = PBXVariantGroup;
			children = (
				D43296B0263BAA330038C59C /* Base */,
			);
			name = LaunchScreen.storyboard;
			sourceTree = "<group>";
		};
/* End PBXVariantGroup section */

/* Begin XCBuildConfiguration section */
		D43296B3263BAA330038C59C /* Debug */ = {
			isa = XCBuildConfiguration;
			buildSettings = {
				ALWAYS_SEARCH_USER_PATHS = NO;
				CLANG_ANALYZER_NONNULL = YES;
				CLANG_ANALYZER_NUMBER_OBJECT_CONVERSION = YES_AGGRESSIVE;
				CLANG_CXX_LANGUAGE_STANDARD = "gnu++14";
				CLANG_CXX_LIBRARY = "libc++";
				CLANG_ENABLE_MODULES = YES;
				CLANG_ENABLE_OBJC_ARC = YES;
				CLANG_ENABLE_OBJC_WEAK = YES;
				CLANG_WARN_BLOCK_CAPTURE_AUTORELEASING = YES;
				CLANG_WARN_BOOL_CONVERSION = YES;
				CLANG_WARN_COMMA = YES;
				CLANG_WARN_CONSTANT_CONVERSION = YES;
				CLANG_WARN_DEPRECATED_OBJC_IMPLEMENTATIONS = YES;
				CLANG_WARN_DIRECT_OBJC_ISA_USAGE = YES_ERROR;
				CLANG_WARN_DOCUMENTATION_COMMENTS = YES;
				CLANG_WARN_EMPTY_BODY = YES;
				CLANG_WARN_ENUM_CONVERSION = YES;
				CLANG_WARN_INFINITE_RECURSION = YES;
				CLANG_WARN_INT_CONVERSION = YES;
				CLANG_WARN_NON_LITERAL_NULL_CONVERSION = YES;
				CLANG_WARN_OBJC_IMPLICIT_RETAIN_SELF = YES;
				CLANG_WARN_OBJC_LITERAL_CONVERSION = YES;
				CLANG_WARN_OBJC_ROOT_CLASS = YES_ERROR;
				CLANG_WARN_QUOTED_INCLUDE_IN_FRAMEWORK_HEADER = YES;
				CLANG_WARN_RANGE_LOOP_ANALYSIS = YES;
				CLANG_WARN_STRICT_PROTOTYPES = YES;
				CLANG_WARN_SUSPICIOUS_MOVE = YES;
				CLANG_WARN_UNGUARDED_AVAILABILITY = YES_AGGRESSIVE;
				CLANG_WARN_UNREACHABLE_CODE = YES;
				CLANG_WARN__DUPLICATE_METHOD_MATCH = YES;
				COPY_PHASE_STRIP = NO;
				DEBUG_INFORMATION_FORMAT = dwarf;
				ENABLE_STRICT_OBJC_MSGSEND = YES;
				ENABLE_TESTABILITY = YES;
				GCC_C_LANGUAGE_STANDARD = gnu11;
				GCC_DYNAMIC_NO_PIC = NO;
				GCC_NO_COMMON_BLOCKS = YES;
				GCC_OPTIMIZATION_LEVEL = 0;
				GCC_PREPROCESSOR_DEFINITIONS = (
					"DEBUG=1",
					"$(inherited)",
				);
				GCC_WARN_64_TO_32_BIT_CONVERSION = YES;
				GCC_WARN_ABOUT_RETURN_TYPE = YES_ERROR;
				GCC_WARN_UNDECLARED_SELECTOR = YES;
				GCC_WARN_UNINITIALIZED_AUTOS = YES_AGGRESSIVE;
				GCC_WARN_UNUSED_FUNCTION = YES;
				GCC_WARN_UNUSED_VARIABLE = YES;
				IPHONEOS_DEPLOYMENT_TARGET = 14.5;
				MTL_ENABLE_DEBUG_INFO = INCLUDE_SOURCE;
				MTL_FAST_MATH = YES;
				ONLY_ACTIVE_ARCH = YES;
				SDKROOT = iphoneos;
				SWIFT_ACTIVE_COMPILATION_CONDITIONS = DEBUG;
				SWIFT_OPTIMIZATION_LEVEL = "-Onone";
			};
			name = Debug;
		};
		D43296B4263BAA330038C59C /* Release */ = {
			isa = XCBuildConfiguration;
			buildSettings = {
				ALWAYS_SEARCH_USER_PATHS = NO;
				CLANG_ANALYZER_NONNULL = YES;
				CLANG_ANALYZER_NUMBER_OBJECT_CONVERSION = YES_AGGRESSIVE;
				CLANG_CXX_LANGUAGE_STANDARD = "gnu++14";
				CLANG_CXX_LIBRARY = "libc++";
				CLANG_ENABLE_MODULES = YES;
				CLANG_ENABLE_OBJC_ARC = YES;
				CLANG_ENABLE_OBJC_WEAK = YES;
				CLANG_WARN_BLOCK_CAPTURE_AUTORELEASING = YES;
				CLANG_WARN_BOOL_CONVERSION = YES;
				CLANG_WARN_COMMA = YES;
				CLANG_WARN_CONSTANT_CONVERSION = YES;
				CLANG_WARN_DEPRECATED_OBJC_IMPLEMENTATIONS = YES;
				CLANG_WARN_DIRECT_OBJC_ISA_USAGE = YES_ERROR;
				CLANG_WARN_DOCUMENTATION_COMMENTS = YES;
				CLANG_WARN_EMPTY_BODY = YES;
				CLANG_WARN_ENUM_CONVERSION = YES;
				CLANG_WARN_INFINITE_RECURSION = YES;
				CLANG_WARN_INT_CONVERSION = YES;
				CLANG_WARN_NON_LITERAL_NULL_CONVERSION = YES;
				CLANG_WARN_OBJC_IMPLICIT_RETAIN_SELF = YES;
				CLANG_WARN_OBJC_LITERAL_CONVERSION = YES;
				CLANG_WARN_OBJC_ROOT_CLASS = YES_ERROR;
				CLANG_WARN_QUOTED_INCLUDE_IN_FRAMEWORK_HEADER = YES;
				CLANG_WARN_RANGE_LOOP_ANALYSIS = YES;
				CLANG_WARN_STRICT_PROTOTYPES = YES;
				CLANG_WARN_SUSPICIOUS_MOVE = YES;
				CLANG_WARN_UNGUARDED_AVAILABILITY = YES_AGGRESSIVE;
				CLANG_WARN_UNREACHABLE_CODE = YES;
				CLANG_WARN__DUPLICATE_METHOD_MATCH = YES;
				COPY_PHASE_STRIP = NO;
				DEBUG_INFORMATION_FORMAT = "dwarf-with-dsym";
				ENABLE_NS_ASSERTIONS = NO;
				ENABLE_STRICT_OBJC_MSGSEND = YES;
				GCC_C_LANGUAGE_STANDARD = gnu11;
				GCC_NO_COMMON_BLOCKS = YES;
				GCC_WARN_64_TO_32_BIT_CONVERSION = YES;
				GCC_WARN_ABOUT_RETURN_TYPE = YES_ERROR;
				GCC_WARN_UNDECLARED_SELECTOR = YES;
				GCC_WARN_UNINITIALIZED_AUTOS = YES_AGGRESSIVE;
				GCC_WARN_UNUSED_FUNCTION = YES;
				GCC_WARN_UNUSED_VARIABLE = YES;
				IPHONEOS_DEPLOYMENT_TARGET = 14.5;
				MTL_ENABLE_DEBUG_INFO = NO;
				MTL_FAST_MATH = YES;
				SDKROOT = iphoneos;
				SWIFT_COMPILATION_MODE = wholemodule;
				SWIFT_OPTIMIZATION_LEVEL = "-O";
				VALIDATE_PRODUCT = YES;
			};
			name = Release;
		};
		D43296B6263BAA330038C59C /* Debug */ = {
			isa = XCBuildConfiguration;
			buildSettings = {
				ASSETCATALOG_COMPILER_APPICON_NAME = AppIcon;
				ASSETCATALOG_COMPILER_GLOBAL_ACCENT_COLOR_NAME = AccentColor;
				CODE_SIGN_STYLE = Automatic;
				DEVELOPMENT_TEAM = 99K489U5L8;
				INFOPLIST_FILE = Kantongku/Info.plist;
				LD_RUNPATH_SEARCH_PATHS = (
					"$(inherited)",
					"@executable_path/Frameworks",
				);
				PRODUCT_BUNDLE_IDENTIFIER = juliusrio.com.Kantongku;
				PRODUCT_NAME = "$(TARGET_NAME)";
				SWIFT_VERSION = 5.0;
				TARGETED_DEVICE_FAMILY = "1,2";
			};
			name = Debug;
		};
		D43296B7263BAA330038C59C /* Release */ = {
			isa = XCBuildConfiguration;
			buildSettings = {
				ASSETCATALOG_COMPILER_APPICON_NAME = AppIcon;
				ASSETCATALOG_COMPILER_GLOBAL_ACCENT_COLOR_NAME = AccentColor;
				CODE_SIGN_STYLE = Automatic;
				DEVELOPMENT_TEAM = 99K489U5L8;
				INFOPLIST_FILE = Kantongku/Info.plist;
				LD_RUNPATH_SEARCH_PATHS = (
					"$(inherited)",
					"@executable_path/Frameworks",
				);
				PRODUCT_BUNDLE_IDENTIFIER = juliusrio.com.Kantongku;
				PRODUCT_NAME = "$(TARGET_NAME)";
				SWIFT_VERSION = 5.0;
				TARGETED_DEVICE_FAMILY = "1,2";
			};
			name = Release;
		};
/* End XCBuildConfiguration section */

/* Begin XCConfigurationList section */
		D432969C263BAA320038C59C /* Build configuration list for PBXProject "Kantongku" */ = {
			isa = XCConfigurationList;
			buildConfigurations = (
				D43296B3263BAA330038C59C /* Debug */,
				D43296B4263BAA330038C59C /* Release */,
			);
			defaultConfigurationIsVisible = 0;
			defaultConfigurationName = Release;
		};
		D43296B5263BAA330038C59C /* Build configuration list for PBXNativeTarget "Kantongku" */ = {
			isa = XCConfigurationList;
			buildConfigurations = (
				D43296B6263BAA330038C59C /* Debug */,
				D43296B7263BAA330038C59C /* Release */,
			);
			defaultConfigurationIsVisible = 0;
			defaultConfigurationName = Release;
		};
/* End XCConfigurationList section */

/* Begin XCVersionGroup section */
		D43296CD263BAC720038C59C /* Kantongku.xcdatamodeld */ = {
			isa = XCVersionGroup;
			children = (
				D43296CE263BAC720038C59C /* Kantongku.xcdatamodel */,
			);
			currentVersion = D43296CE263BAC720038C59C /* Kantongku.xcdatamodel */;
			path = Kantongku.xcdatamodeld;
			sourceTree = "<group>";
			versionGroupType = wrapper.xcdatamodel;
		};
/* End XCVersionGroup section */
	};
	rootObject = D4329699263BAA320038C59C /* Project object */;
}
